
Microsoft Visual Studio Solution File, Format Version 12.00
Project("{FAE04EC0-301F-11D3-BF4B-00C04F79EFBC}") = "Shaders", "Shaders\Shaders.csproj", "{AB050A73-444B-4466-B813-09DD462B02AA}"
EndProject
Project("{FAE04EC0-301F-11D3-BF4B-00C04F79EFBC}") = "VgRemapper", "VgRemapper\VgRemapper.csproj", "{E36A30AC-CE94-4FD3-86CA-818F6F11D9D4}"
EndProject
Project("{FAE04EC0-301F-11D3-BF4B-00C04F79EFBC}") = "SlotFix applier", "SlotFix applier\SlotFix applier.csproj", "{B9150996-B56F-4CA1-A3BF-40BE61015173}"
EndProject
Project("{FAE04EC0-301F-11D3-BF4B-00C04F79EFBC}") = "LoDsGenerator", "LoDsGenerator\LoDsGenerator.csproj", "{D75C231C-FFF3-4291-8276-0BA3130DCF60}"
EndProject
Project("{FAE04EC0-301F-11D3-BF4B-00C04F79EFBC}") = "VersionFixerGenerator", "VersionFixerGenerator\VersionFixerGenerator.csproj", "{1A7A505D-F607-4022-9797-0AC0AD74A9B8}"
EndProject
Global
	GlobalSection(SolutionConfigurationPlatforms) = preSolution
		Debug|Any CPU = Debug|Any CPU
		Release|Any CPU = Release|Any CPU
	EndGlobalSection
	GlobalSection(ProjectConfigurationPlatforms) = postSolution
		{AB050A73-444B-4466-B813-09DD462B02AA}.Debug|Any CPU.ActiveCfg = Debug|Any CPU
		{AB050A73-444B-4466-B813-09DD462B02AA}.Debug|Any CPU.Build.0 = Debug|Any CPU
		{AB050A73-444B-4466-B813-09DD462B02AA}.Release|Any CPU.ActiveCfg = Release|Any CPU
		{AB050A73-444B-4466-B813-09DD462B02AA}.Release|Any CPU.Build.0 = Release|Any CPU
		{E36A30AC-CE94-4FD3-86CA-818F6F11D9D4}.Debug|Any CPU.ActiveCfg = Debug|Any CPU
		{E36A30AC-CE94-4FD3-86CA-818F6F11D9D4}.Debug|Any CPU.Build.0 = Debug|Any CPU
		{E36A30AC-CE94-4FD3-86CA-818F6F11D9D4}.Release|Any CPU.ActiveCfg = Release|Any CPU
		{E36A30AC-CE94-4FD3-86CA-818F6F11D9D4}.Release|Any CPU.Build.0 = Release|Any CPU
		{B9150996-B56F-4CA1-A3BF-40BE61015173}.Debug|Any CPU.ActiveCfg = Debug|Any CPU
		{B9150996-B56F-4CA1-A3BF-40BE61015173}.Debug|Any CPU.Build.0 = Debug|Any CPU
		{B9150996-B56F-4CA1-A3BF-40BE61015173}.Release|Any CPU.ActiveCfg = Release|Any CPU
		{B9150996-B56F-4CA1-A3BF-40BE61015173}.Release|Any CPU.Build.0 = Release|Any CPU
		{D75C231C-FFF3-4291-8276-0BA3130DCF60}.Debug|Any CPU.ActiveCfg = Debug|Any CPU
		{D75C231C-FFF3-4291-8276-0BA3130DCF60}.Debug|Any CPU.Build.0 = Debug|Any CPU
		{D75C231C-FFF3-4291-8276-0BA3130DCF60}.Release|Any CPU.ActiveCfg = Release|Any CPU
		{D75C231C-FFF3-4291-8276-0BA3130DCF60}.Release|Any CPU.Build.0 = Release|Any CPU
		{1A7A505D-F607-4022-9797-0AC0AD74A9B8}.Debug|Any CPU.ActiveCfg = Debug|Any CPU
		{1A7A505D-F607-4022-9797-0AC0AD74A9B8}.Debug|Any CPU.Build.0 = Debug|Any CPU
		{1A7A505D-F607-4022-9797-0AC0AD74A9B8}.Release|Any CPU.ActiveCfg = Release|Any CPU
		{1A7A505D-F607-4022-9797-0AC0AD74A9B8}.Release|Any CPU.Build.0 = Release|Any CPU
	EndGlobalSection
EndGlobal
